Microsoft Visual Studio Solution File, Format Version 12.00
# Visual Studio Version 17
VisualStudioVersion = 17.5.2.0
MinimumVisualStudioVersion = 10.0.40219.1
Project("{FAE04EC0-301F-11D3-BF4B-00C04F79EFBC}") = "project-delivery", "project-delivery.csproj", "{03D8DFDF-45C2-3B73-439B-3B2B334CC837}"
EndProject
Global
	GlobalSection(SolutionConfigurationPlatforms) = preSolution
		Debug|Any CPU = Debug|Any CPU
		Release|Any CPU = Release|Any CPU
	EndGlobalSection
	GlobalSection(ProjectConfigurationPlatforms) = postSolution
		{03D8DFDF-45C2-3B73-439B-3B2B334CC837}.Debug|Any CPU.ActiveCfg = Debug|Any CPU
		{03D8DFDF-45C2-3B73-439B-3B2B334CC837}.Debug|Any CPU.Build.0 = Debug|Any CPU
		{03D8DFDF-45C2-3B73-439B-3B2B334CC837}.Release|Any CPU.ActiveCfg = Release|Any CPU
		{03D8DFDF-45C2-3B73-439B-3B2B334CC837}.Release|Any CPU.Build.0 = Release|Any CPU
	EndGlobalSection
	GlobalSection(SolutionProperties) = preSolution
		HideSolutionNode = FALSE
	EndGlobalSection
	GlobalSection(ExtensibilityGlobals) = postSolution
		SolutionGuid = {8B1BCC77-2241-4750-AFAB-5BC1803A39B9}
	EndGlobalSection
EndGlobal
